{
  "name": "b8r-tjs",
  "version": "0.0.1",
  "lockfileVersion": 3,
  "requires": true,
  "packages": {
    "": {
      "name": "b8r-tjs",
      "version": "0.0.1",
      "license": "MIT",
      "dependencies": {
        "tjs-lang": "^0.8.1"
      }
    },
    "node_modules/acorn": {
      "version": "8.16.0",
      "resolved": "https://registry.npmjs.org/acorn/-/acorn-8.16.0.tgz",
      "integrity": "sha512-UVJyE9MttOsBQIDKw1skb9nAwQuR5wuGD3+82K6JgJlm/Y+KI92oNsMNGZCYdDsVtRHSak0pcV5Dno5+4jh9sw==",
      "license": "MIT",
      "bin": {
        "acorn": "bin/acorn"
      },
      "engines": {
        "node": ">=0.4.0"
      }
    },
    "node_modules/acorn-walk": {
      "version": "8.3.5",
      "resolved": "https://registry.npmjs.org/acorn-walk/-/acorn-walk-8.3.5.tgz",
      "integrity": "sha512-HEHNfbars9v4pgpW6SO1KSPkfoS0xVOM/9UzkJltjlsHZmJasxg8aXkuZa7SMf8vKGIBhpUsPluQSqhJFCqebw==",
      "license": "MIT",
      "dependencies": {
        "acorn": "^8.11.0"
      },
      "engines": {
        "node": ">=0.4.0"
      }
    },
    "node_modules/tjs-lang": {
      "version": "0.8.1",
      "resolved": "https://registry.npmjs.org/tjs-lang/-/tjs-lang-0.8.1.tgz",
      "integrity": "sha512-7K2ZlC7dID8YV7AV39q3XgLDNYMdMlFZGd6/E7I8Aox6gmJugYyGMOqnEPwzXeuivHKzhVqJCPbLa797nCvcEg==",
      "license": "Apache-2.0",
      "dependencies": {
        "acorn": "^8.15.0",
        "acorn-walk": "^8.3.4",
        "tosijs-schema": "^1.3.0"
      },
      "bin": {
        "ajs-install-cursor": "bin/install-cursor.sh",
        "ajs-install-vscode": "bin/install-vscode.sh",
        "create-tjs-app": "src/cli/create-app.ts",
        "tjs": "src/cli/tjs.ts",
        "tjs-playground": "src/cli/playground.ts",
        "tjsx": "src/cli/tjsx.ts"
      }
    },
    "node_modules/tosijs-schema": {
      "version": "1.3.0",
      "resolved": "https://registry.npmjs.org/tosijs-schema/-/tosijs-schema-1.3.0.tgz",
      "integrity": "sha512-ocCu3dcRw9ANsIyMYkEKP0lC0EVtwMPStFs5KbXFhoXDyixplsNWvUH1umtrx3XkbsBE1jdr37yyjDTqwCV3dA==",
      "license": "MIT"
    }
  }
}
